github.com/elazarl/goproxy v0.0.0-20231117061959-7cc037d33fb5 h1:m62nsMU279qRD9PQSWD1l66kmkXzuYcnVJqL4XLeV2M=
github.com/elazarl/goproxy v0.0.0-20231117061959-7cc037d33fb5/go.mod h1:Ro8st/ElPeALwNFlcTpWmkr6IoMFfkjXAvTHpevnDsM=
github.com/elazarl/goproxy/ext v0.0.0-20190711103511-473e67f1d7d2/go.mod h1:gNh8nYJoAm43RfaxurUnxr+N1PwuFV3ZMl/efxlIlY8=
github.com/gorilla/websocket v1.5.3 h1:saDtZ6Pbx/0u+bgYQ3q96pZgCzfhKXGPqt7kZ72aNNg=
github.com/gorilla/websocket v1.5.3/go.mod h1:YR8l580nyteQvAITg2hZ9XVh4b55+EU/adAjf1fMHhE=
github.com/rogpeppe/go-charset v0.0.0-20180617210344-2471d30d28b4/go.mod h1:qgYeAmZ5ZIpBWTGllZSQnw97Dj+woV0toclVaRGI8pc=
unit.nginx.org/go v0.0.0-20240321134741-48d79170596d h1:BTuWe0M3bnaCJTCRJhaAX4ouyLZrGeI4knaSZ22W88Q=
unit.nginx.org/go v0.0.0-20240321134741-48d79170596d/go.mod h1:rIOZelt2HNxH+Usc1WT2b5OlEDHQwc3IZRxYxiZiKvM=
